
Microsoft Visual Studio Solution File, Format Version 12.00
# Visual Studio Version 16
VisualStudioVersion = 16.0.30011.22
MinimumVisualStudioVersion = 10.0.40219.1
Project("{9A19103F-16F7-4668-BE54-9A1E7A4F7556}") = "DecisionMaster.AlgorithmsLibrary", "DecisionMaster.AlgorihtmsLibrary\DecisionMaster.AlgorithmsLibrary.csproj", "{90C5EDC8-CF23-44FF-A90A-D035D3F53D16}"
EndProject
Project("{9A19103F-16F7-4668-BE54-9A1E7A4F7556}") = "DecisionMaster.AlgorithmsLibrary.Tests.Unit", "DecisionMaster.AlgorihtmsLibrary.Tests.Unit\DecisionMaster.AlgorithmsLibrary.Tests.Unit.csproj", "{87C7F526-0A14-4B74-8BFF-AE527BD04EEA}"
EndProject
Global
	GlobalSection(SolutionConfigurationPlatforms) = preSolution
		Debug|Any CPU = Debug|Any CPU
		Release|Any CPU = Release|Any CPU
	EndGlobalSection
	GlobalSection(ProjectConfigurationPlatforms) = postSolution
		{90C5EDC8-CF23-44FF-A90A-D035D3F53D16}.Debug|Any CPU.ActiveCfg = Debug|Any CPU
		{90C5EDC8-CF23-44FF-A90A-D035D3F53D16}.Debug|Any CPU.Build.0 = Debug|Any CPU
		{90C5EDC8-CF23-44FF-A90A-D035D3F53D16}.Release|Any CPU.ActiveCfg = Release|Any CPU
		{90C5EDC8-CF23-44FF-A90A-D035D3F53D16}.Release|Any CPU.Build.0 = Release|Any CPU
		{87C7F526-0A14-4B74-8BFF-AE527BD04EEA}.Debug|Any CPU.ActiveCfg = Debug|Any CPU
		{87C7F526-0A14-4B74-8BFF-AE527BD04EEA}.Debug|Any CPU.Build.0 = Debug|Any CPU
		{87C7F526-0A14-4B74-8BFF-AE527BD04EEA}.Release|Any CPU.ActiveCfg = Release|Any CPU
		{87C7F526-0A14-4B74-8BFF-AE527BD04EEA}.Release|Any CPU.Build.0 = Release|Any CPU
	EndGlobalSection
	GlobalSection(SolutionProperties) = preSolution
		HideSolutionNode = FALSE
	EndGlobalSection
	GlobalSection(ExtensibilityGlobals) = postSolution
		SolutionGuid = {991BC68E-5807-474D-9691-DEEC5443AA77}
	EndGlobalSection
EndGlobal
